
Microsoft Visual Studio Solution File, Format Version 12.00
# Visual Studio Version 17
VisualStudioVersion = 17.3.32929.385
MinimumVisualStudioVersion = 10.0.40219.1
Project("{FAE04EC0-301F-11D3-BF4B-00C04F79EFBC}") = "OnlineShop", "OnlineShop\OnlineShop.csproj", "{0EDB34CC-712A-42DB-B48B-001DADEE2B93}"
EndProject
Global
	GlobalSection(SolutionConfigurationPlatforms) = preSolution
		Debug|Any CPU = Debug|Any CPU
		Release|Any CPU = Release|Any CPU
	EndGlobalSection
	GlobalSection(ProjectConfigurationPlatforms) = postSolution
		{0EDB34CC-712A-42DB-B48B-001DADEE2B93}.Debug|Any CPU.ActiveCfg = Debug|Any CPU
		{0EDB34CC-712A-42DB-B48B-001DADEE2B93}.Debug|Any CPU.Build.0 = Debug|Any CPU
		{0EDB34CC-712A-42DB-B48B-001DADEE2B93}.Release|Any CPU.ActiveCfg = Release|Any CPU
		{0EDB34CC-712A-42DB-B48B-001DADEE2B93}.Release|Any CPU.Build.0 = Release|Any CPU
	EndGlobalSection
	GlobalSection(SolutionProperties) = preSolution
		HideSolutionNode = FALSE
	EndGlobalSection
	GlobalSection(ExtensibilityGlobals) = postSolution
		SolutionGuid = {A87375E1-E854-41B9-BD24-A85AB190198D}
	EndGlobalSection
EndGlobal
